// !$*UTF8*$!
{
	archiveVersion = 1;
	classes = {
	};
	objectVersion = 56;
	objects = {

/* Begin PBXBuildFile section */
		155D49292C553797003ED34E /* UberRideOperations.swift in Sources */ = {isa = PBXBuildFile; fileRef = 155D49282C553797003ED34E /* UberRideOperations.swift */; };
		155D49312C553C94003ED34E /* UberOrderLiveActivityView.swift in Sources */ = {isa = PBXBuildFile; fileRef = 155D492B2C553800003ED34E /* UberOrderLiveActivityView.swift */; };
		155D49322C553C96003ED34E /* UberOrderLiveActivityWidget.swift in Sources */ = {isa = PBXBuildFile; fileRef = 155D492D2C55383C003ED34E /* UberOrderLiveActivityWidget.swift */; };
		155D49332C553C98003ED34E /* UberOrderLiveActivityAttributes.swift in Sources */ = {isa = PBXBuildFile; fileRef = 155D492F2C553961003ED34E /* UberOrderLiveActivityAttributes.swift */; };
		155D49342C553E88003ED34E /* UberOrderLiveActivityAttributes.swift in Sources */ = {isa = PBXBuildFile; fileRef = 155D492F2C553961003ED34E /* UberOrderLiveActivityAttributes.swift */; };
		15AE55CC2C54908F007A6A40 /* ExtensionAppgroupApp.swift in Sources */ = {isa = PBXBuildFile; fileRef = 15AE55CB2C54908F007A6A40 /* ExtensionAppgroupApp.swift */; };
		15AE55CE2C54908F007A6A40 /* ContentView.swift in Sources */ = {isa = PBXBuildFile; fileRef = 15AE55CD2C54908F007A6A40 /* ContentView.swift */; };
		15AE55D02C549091007A6A40 /* Assets.xcassets in Resources */ = {isa = PBXBuildFile; fileRef = 15AE55CF2C549091007A6A40 /* Assets.xcassets */; };
		15AE55D42C549091007A6A40 /* Preview Assets.xcassets in Resources */ = {isa = PBXBuildFile; fileRef = 15AE55D32C549091007A6A40 /* Preview Assets.xcassets */; };
		15AE55E12C54937A007A6A40 /* WidgetKit.framework in Frameworks */ = {isa = PBXBuildFile; fileRef = 15AE55E02C54937A007A6A40 /* WidgetKit.framework */; };
		15AE55E32C54937A007A6A40 /* SwiftUI.framework in Frameworks */ = {isa = PBXBuildFile; fileRef = 15AE55E22C54937A007A6A40 /* SwiftUI.framework */; };
		15AE55E62C54937A007A6A40 /* WidgetExtensionBundle.swift in Sources */ = {isa = PBXBuildFile; fileRef = 15AE55E52C54937A007A6A40 /* WidgetExtensionBundle.swift */; };
		15AE55EE2C54937B007A6A40 /* Assets.xcassets in Resources */ = {isa = PBXBuildFile; fileRef = 15AE55ED2C54937B007A6A40 /* Assets.xcassets */; };
		15AE55F22C54937B007A6A40 /* WidgetExtensionExtension.appex in Embed Foundation Extensions */ = {isa = PBXBuildFile; fileRef = 15AE55DE2C54937A007A6A40 /* WidgetExtensionExtension.appex */; settings = {ATTRIBUTES = (RemoveHeadersOnCopy, ); }; };
/* End PBXBuildFile section */

/* Begin PBXContainerItemProxy section */
		15AE55F02C54937B007A6A40 /* PBXContainerItemProxy */ = {
			isa = PBXContainerItemProxy;
			containerPortal = 15AE55C02C54908F007A6A40 /* Project object */;
			proxyType = 1;
			remoteGlobalIDString = 15AE55DD2C54937A007A6A40;
			remoteInfo = WidgetExtensionExtension;
		};
/* End PBXContainerItemProxy section */

/* Begin PBXCopyFilesBuildPhase section */
		15AE55F62C54937B007A6A40 /* Embed Foundation Extensions */ = {
			isa = PBXCopyFilesBuildPhase;
			buildActionMask = 12;
			dstPath = "";
			dstSubfolderSpec = 13;
			files = (
				15AE55F22C54937B007A6A40 /* WidgetExtensionExtension.appex in Embed Foundation Extensions */,
			);
			name = "Embed Foundation Extensions";
			runOnlyForDeploymentPostprocessing = 0;
		};
/* End PBXCopyFilesBuildPhase section */

/* Begin PBXFileReference section */
		155D491B2C54AE27003ED34E /* Info.plist */ = {isa = PBXFileReference; fileEncoding = 4; lastKnownFileType = text.plist.xml; path = Info.plist; sourceTree = "<group>"; };
		155D49282C553797003ED34E /* UberRideOperations.swift */ = {isa = PBXFileReference; lastKnownFileType = sourcecode.swift; path = UberRideOperations.swift; sourceTree = "<group>"; };
		155D492B2C553800003ED34E /* UberOrderLiveActivityView.swift */ = {isa = PBXFileReference; lastKnownFileType = sourcecode.swift; path = UberOrderLiveActivityView.swift; sourceTree = "<group>"; };
		155D492D2C55383C003ED34E /* UberOrderLiveActivityWidget.swift */ = {isa = PBXFileReference; lastKnownFileType = sourcecode.swift; path = UberOrderLiveActivityWidget.swift; sourceTree = "<group>"; };
		155D492F2C553961003ED34E /* UberOrderLiveActivityAttributes.swift */ = {isa = PBXFileReference; lastKnownFileType = sourcecode.swift; path = UberOrderLiveActivityAttributes.swift; sourceTree = "<group>"; };
		15AE55C82C54908F007A6A40 /* ExtensionAppgroup.app */ = {isa = PBXFileReference; explicitFileType = wrapper.application; includeInIndex = 0; path = ExtensionAppgroup.app; sourceTree = BUILT_PRODUCTS_DIR; };
		15AE55CB2C54908F007A6A40 /* ExtensionAppgroupApp.swift */ = {isa = PBXFileReference; lastKnownFileType = sourcecode.swift; path = ExtensionAppgroupApp.swift; sourceTree = "<group>"; };
		15AE55CD2C54908F007A6A40 /* ContentView.swift */ = {isa = PBXFileReference; lastKnownFileType = sourcecode.swift; path = ContentView.swift; sourceTree = "<group>"; };
		15AE55CF2C549091007A6A40 /* Assets.xcassets */ = {isa = PBXFileReference; lastKnownFileType = folder.assetcatalog; path = Assets.xcassets; sourceTree = "<group>"; };
		15AE55D12C549091007A6A40 /* ExtensionAppgroup.entitlements */ = {isa = PBXFileReference; lastKnownFileType = text.plist.entitlements; path = ExtensionAppgroup.entitlements; sourceTree = "<group>"; };
		15AE55D32C549091007A6A40 /* Preview Assets.xcassets */ = {isa = PBXFileReference; lastKnownFileType = folder.assetcatalog; path = "Preview Assets.xcassets"; sourceTree = "<group>"; };
		15AE55DE2C54937A007A6A40 /* WidgetExtensionExtension.appex */ = {isa = PBXFileReference; explicitFileType = "wrapper.app-extension"; includeInIndex = 0; path = WidgetExtensionExtension.appex; sourceTree = BUILT_PRODUCTS_DIR; };
		15AE55E02C54937A007A6A40 /* WidgetKit.framework */ = {isa = PBXFileReference; lastKnownFileType = wrapper.framework; name = WidgetKit.framework; path = System/Library/Frameworks/WidgetKit.framework; sourceTree = SDKROOT; };
		15AE55E22C54937A007A6A40 /* SwiftUI.framework */ = {isa = PBXFileReference; lastKnownFileType = wrapper.framework; name = SwiftUI.framework; path = System/Library/Frameworks/SwiftUI.framework; sourceTree = SDKROOT; };
		15AE55E52C54937A007A6A40 /* WidgetExtensionBundle.swift */ = {isa = PBXFileReference; lastKnownFileType = sourcecode.swift; path = WidgetExtensionBundle.swift; sourceTree = "<group>"; };
		15AE55ED2C54937B007A6A40 /* Assets.xcassets */ = {isa = PBXFileReference; lastKnownFileType = folder.assetcatalog; path = Assets.xcassets; sourceTree = "<group>"; };
/* End PBXFileReference section */

/* Begin PBXFrameworksBuildPhase section */
		15AE55C52C54908F007A6A40 /* Frameworks */ = {
			isa = PBXFrameworksBuildPhase;
			buildActionMask = 2147483647;
			files = (
			);
			runOnlyForDeploymentPostprocessing = 0;
		};
		15AE55DB2C54937A007A6A40 /* Frameworks */ = {
			isa = PBXFrameworksBuildPhase;
			buildActionMask = 2147483647;
			files = (
				15AE55E32C54937A007A6A40 /* SwiftUI.framework in Frameworks */,
				15AE55E12C54937A007A6A40 /* WidgetKit.framework in Frameworks */,
			);
			runOnlyForDeploymentPostprocessing = 0;
		};
/* End PBXFrameworksBuildPhase section */

/* Begin PBXGroup section */
		155D492A2C5537DE003ED34E /* UberLiveActivity */ = {
			isa = PBXGroup;
			children = (
				155D492B2C553800003ED34E /* UberOrderLiveActivityView.swift */,
				155D492D2C55383C003ED34E /* UberOrderLiveActivityWidget.swift */,
				155D492F2C553961003ED34E /* UberOrderLiveActivityAttributes.swift */,
			);
			path = UberLiveActivity;
			sourceTree = "<group>";
		};
		15AE55BF2C54908F007A6A40 = {
			isa = PBXGroup;
			children = (
				15AE55CA2C54908F007A6A40 /* ExtensionAppgroup */,
				15AE55E42C54937A007A6A40 /* WidgetExtension */,
				15AE55DF2C54937A007A6A40 /* Frameworks */,
				15AE55C92C54908F007A6A40 /* Products */,
			);
			sourceTree = "<group>";
		};
		15AE55C92C54908F007A6A40 /* Products */ = {
			isa = PBXGroup;
			children = (
				15AE55C82C54908F007A6A40 /* ExtensionAppgroup.app */,
				15AE55DE2C54937A007A6A40 /* WidgetExtensionExtension.appex */,
			);
			name = Products;
			sourceTree = "<group>";
		};
		15AE55CA2C54908F007A6A40 /* ExtensionAppgroup */ = {
			isa = PBXGroup;
			children = (
				15AE55CB2C54908F007A6A40 /* ExtensionAppgroupApp.swift */,
				155D49282C553797003ED34E /* UberRideOperations.swift */,
				15AE55CD2C54908F007A6A40 /* ContentView.swift */,
				15AE55CF2C549091007A6A40 /* Assets.xcassets */,
				15AE55D12C549091007A6A40 /* ExtensionAppgroup.entitlements */,
				15AE55D22C549091007A6A40 /* Preview Content */,
			);
			path = ExtensionAppgroup;
			sourceTree = "<group>";
		};
		15AE55D22C549091007A6A40 /* Preview Content */ = {
			isa = PBXGroup;
			children = (
				15AE55D32C549091007A6A40 /* Preview Assets.xcassets */,
			);
			path = "Preview Content";
			sourceTree = "<group>";
		};
		15AE55DF2C54937A007A6A40 /* Frameworks */ = {
			isa = PBXGroup;
			children = (
				15AE55E02C54937A007A6A40 /* WidgetKit.framework */,
				15AE55E22C54937A007A6A40 /* SwiftUI.framework */,
			);
			name = Frameworks;
			sourceTree = "<group>";
		};
		15AE55E42C54937A007A6A40 /* WidgetExtension */ = {
			isa = PBXGroup;
			children = (
				155D492A2C5537DE003ED34E /* UberLiveActivity */,
				155D491B2C54AE27003ED34E /* Info.plist */,
				15AE55E52C54937A007A6A40 /* WidgetExtensionBundle.swift */,
				15AE55ED2C54937B007A6A40 /* Assets.xcassets */,
			);
			path = WidgetExtension;
			sourceTree = "<group>";
		};
/* End PBXGroup section */

/* Begin PBXNativeTarget section */
		15AE55C72C54908F007A6A40 /* ExtensionAppgroup */ = {
			isa = PBXNativeTarget;
			buildConfigurationList = 15AE55D72C549091007A6A40 /* Build configuration list for PBXNativeTarget "ExtensionAppgroup" */;
			buildPhases = (
				15AE55C42C54908F007A6A40 /* Sources */,
				15AE55C52C54908F007A6A40 /* Frameworks */,
				15AE55C62C54908F007A6A40 /* Resources */,
				15AE55F62C54937B007A6A40 /* Embed Foundation Extensions */,
			);
			buildRules = (
			);
			dependencies = (
				15AE55F12C54937B007A6A40 /* PBXTargetDependency */,
			);
			name = ExtensionAppgroup;
			productName = ExtensionAppgroup;
			productReference = 15AE55C82C54908F007A6A40 /* ExtensionAppgroup.app */;
			productType = "com.apple.product-type.application";
		};
		15AE55DD2C54937A007A6A40 /* WidgetExtensionExtension */ = {
			isa = PBXNativeTarget;
			buildConfigurationList = 15AE55F32C54937B007A6A40 /* Build configuration list for PBXNativeTarget "WidgetExtensionExtension" */;
			buildPhases = (
				15AE55DA2C54937A007A6A40 /* Sources */,
				15AE55DB2C54937A007A6A40 /* Frameworks */,
				15AE55DC2C54937A007A6A40 /* Resources */,
			);
			buildRules = (
			);
			dependencies = (
			);
			name = WidgetExtensionExtension;
			productName = WidgetExtensionExtension;
			productReference = 15AE55DE2C54937A007A6A40 /* WidgetExtensionExtension.appex */;
			productType = "com.apple.product-type.app-extension";
		};
/* End PBXNativeTarget section */

/* Begin PBXProject section */
		15AE55C02C54908F007A6A40 /* Project object */ = {
			isa = PBXProject;
			attributes = {
				BuildIndependentTargetsInParallel = 1;
				LastSwiftUpdateCheck = 1520;
				LastUpgradeCheck = 1520;
				TargetAttributes = {
					15AE55C72C54908F007A6A40 = {
						CreatedOnToolsVersion = 15.2;
					};
					15AE55DD2C54937A007A6A40 = {
						CreatedOnToolsVersion = 15.2;
					};
				};
			};
			buildConfigurationList = 15AE55C32C54908F007A6A40 /* Build configuration list for PBXProject "ExtensionAppgroup" */;
			compatibilityVersion = "Xcode 14.0";
			developmentRegion = en;
			hasScannedForEncodings = 0;
			knownRegions = (
				en,
				Base,
			);
			mainGroup = 15AE55BF2C54908F007A6A40;
			productRefGroup = 15AE55C92C54908F007A6A40 /* Products */;
			projectDirPath = "";
			projectRoot = "";
			targets = (
				15AE55C72C54908F007A6A40 /* ExtensionAppgroup */,
				15AE55DD2C54937A007A6A40 /* WidgetExtensionExtension */,
			);
		};
/* End PBXProject section */

/* Begin PBXResourcesBuildPhase section */
		15AE55C62C54908F007A6A40 /* Resources */ = {
			isa = PBXResourcesBuildPhase;
			buildActionMask = 2147483647;
			files = (
				15AE55D42C549091007A6A40 /* Preview Assets.xcassets in Resources */,
				15AE55D02C549091007A6A40 /* Assets.xcassets in Resources */,
			);
			runOnlyForDeploymentPostprocessing = 0;
		};
		15AE55DC2C54937A007A6A40 /* Resources */ = {
			isa = PBXResourcesBuildPhase;
			buildActionMask = 2147483647;
			files = (
				15AE55EE2C54937B007A6A40 /* Assets.xcassets in Resources */,
			);
			runOnlyForDeploymentPostprocessing = 0;
		};
/* End PBXResourcesBuildPhase section */

/* Begin PBXSourcesBuildPhase section */
		15AE55C42C54908F007A6A40 /* Sources */ = {
			isa = PBXSourcesBuildPhase;
			buildActionMask = 2147483647;
			files = (
				15AE55CE2C54908F007A6A40 /* ContentView.swift in Sources */,
				15AE55CC2C54908F007A6A40 /* ExtensionAppgroupApp.swift in Sources */,
				155D49342C553E88003ED34E /* UberOrderLiveActivityAttributes.swift in Sources */,
				155D49292C553797003ED34E /* UberRideOperations.swift in Sources */,
			);
			runOnlyForDeploymentPostprocessing = 0;
		};
		15AE55DA2C54937A007A6A40 /* Sources */ = {
			isa = PBXSourcesBuildPhase;
			buildActionMask = 2147483647;
			files = (
				155D49312C553C94003ED34E /* UberOrderLiveActivityView.swift in Sources */,
				15AE55E62C54937A007A6A40 /* WidgetExtensionBundle.swift in Sources */,
				155D49332C553C98003ED34E /* UberOrderLiveActivityAttributes.swift in Sources */,
				155D49322C553C96003ED34E /* UberOrderLiveActivityWidget.swift in Sources */,
			);
			runOnlyForDeploymentPostprocessing = 0;
		};
/* End PBXSourcesBuildPhase section */

/* Begin PBXTargetDependency section */
		15AE55F12C54937B007A6A40 /* PBXTargetDependency */ = {
			isa = PBXTargetDependency;
			target = 15AE55DD2C54937A007A6A40 /* WidgetExtensionExtension */;
			targetProxy = 15AE55F02C54937B007A6A40 /* PBXContainerItemProxy */;
		};
/* End PBXTargetDependency section */

/* Begin XCBuildConfiguration section */
		15AE55D52C549091007A6A40 /* Debug */ = {
			isa = XCBuildConfiguration;
			buildSettings = {
				ALWAYS_SEARCH_USER_PATHS = NO;
				ASSETCATALOG_COMPILER_GENERATE_SWIFT_ASSET_SYMBOL_EXTENSIONS = YES;
				CLANG_ANALYZER_NONNULL = YES;
				CLANG_ANALYZER_NUMBER_OBJECT_CONVERSION = YES_AGGRESSIVE;
				CLANG_CXX_LANGUAGE_STANDARD = "gnu++20";
				CLANG_ENABLE_MODULES = YES;
				CLANG_ENABLE_OBJC_ARC = YES;
				CLANG_ENABLE_OBJC_WEAK = YES;
				CLANG_WARN_BLOCK_CAPTURE_AUTORELEASING = YES;
				CLANG_WARN_BOOL_CONVERSION = YES;
				CLANG_WARN_COMMA = YES;
				CLANG_WARN_CONSTANT_CONVERSION = YES;
				CLANG_WARN_DEPRECATED_OBJC_IMPLEMENTATIONS = YES;
				CLANG_WARN_DIRECT_OBJC_ISA_USAGE = YES_ERROR;
				CLANG_WARN_DOCUMENTATION_COMMENTS = YES;
				CLANG_WARN_EMPTY_BODY = YES;
				CLANG_WARN_ENUM_CONVERSION = YES;
				CLANG_WARN_INFINITE_RECURSION = YES;
				CLANG_WARN_INT_CONVERSION = YES;
				CLANG_WARN_NON_LITERAL_NULL_CONVERSION = YES;
				CLANG_WARN_OBJC_IMPLICIT_RETAIN_SELF = YES;
				CLANG_WARN_OBJC_LITERAL_CONVERSION = YES;
				CLANG_WARN_OBJC_ROOT_CLASS = YES_ERROR;
				CLANG_WARN_QUOTED_INCLUDE_IN_FRAMEWORK_HEADER = YES;
				CLANG_WARN_RANGE_LOOP_ANALYSIS = YES;
				CLANG_WARN_STRICT_PROTOTYPES = YES;
				CLANG_WARN_SUSPICIOUS_MOVE = YES;
				CLANG_WARN_UNGUARDED_AVAILABILITY = YES_AGGRESSIVE;
				CLANG_WARN_UNREACHABLE_CODE = YES;
				CLANG_WARN__DUPLICATE_METHOD_MATCH = YES;
				COPY_PHASE_STRIP = NO;
				DEBUG_INFORMATION_FORMAT = dwarf;
				ENABLE_STRICT_OBJC_MSGSEND = YES;
				ENABLE_TESTABILITY = YES;
				ENABLE_USER_SCRIPT_SANDBOXING = YES;
				GCC_C_LANGUAGE_STANDARD = gnu17;
				GCC_DYNAMIC_NO_PIC = NO;
				GCC_NO_COMMON_BLOCKS = YES;
				GCC_OPTIMIZATION_LEVEL = 0;
				GCC_PREPROCESSOR_DEFINITIONS = (
					"DEBUG=1",
					"$(inherited)",
				);
				GCC_WARN_64_TO_32_BIT_CONVERSION = YES;
				GCC_WARN_ABOUT_RETURN_TYPE = YES_ERROR;
				GCC_WARN_UNDECLARED_SELECTOR = YES;
				GCC_WARN_UNINITIALIZED_AUTOS = YES_AGGRESSIVE;
				GCC_WARN_UNUSED_FUNCTION = YES;
				GCC_WARN_UNUSED_VARIABLE = YES;
				LOCALIZATION_PREFERS_STRING_CATALOGS = YES;
				MTL_ENABLE_DEBUG_INFO = INCLUDE_SOURCE;
				MTL_FAST_MATH = YES;
				ONLY_ACTIVE_ARCH = YES;
				SWIFT_ACTIVE_COMPILATION_CONDITIONS = "DEBUG $(inherited)";
				SWIFT_OPTIMIZATION_LEVEL = "-Onone";
			};
			name = Debug;
		};
		15AE55D62C549091007A6A40 /* Release */ = {
			isa = XCBuildConfiguration;
			buildSettings = {
				ALWAYS_SEARCH_USER_PATHS = NO;
				ASSETCATALOG_COMPILER_GENERATE_SWIFT_ASSET_SYMBOL_EXTENSIONS = YES;
				CLANG_ANALYZER_NONNULL = YES;
				CLANG_ANALYZER_NUMBER_OBJECT_CONVERSION = YES_AGGRESSIVE;
				CLANG_CXX_LANGUAGE_STANDARD = "gnu++20";
				CLANG_ENABLE_MODULES = YES;
				CLANG_ENABLE_OBJC_ARC = YES;
				CLANG_ENABLE_OBJC_WEAK = YES;
				CLANG_WARN_BLOCK_CAPTURE_AUTORELEASING = YES;
				CLANG_WARN_BOOL_CONVERSION = YES;
				CLANG_WARN_COMMA = YES;
				CLANG_WARN_CONSTANT_CONVERSION = YES;
				CLANG_WARN_DEPRECATED_OBJC_IMPLEMENTATIONS = YES;
				CLANG_WARN_DIRECT_OBJC_ISA_USAGE = YES_ERROR;
				CLANG_WARN_DOCUMENTATION_COMMENTS = YES;
				CLANG_WARN_EMPTY_BODY = YES;
				CLANG_WARN_ENUM_CONVERSION = YES;
				CLANG_WARN_INFINITE_RECURSION = YES;
				CLANG_WARN_INT_CONVERSION = YES;
				CLANG_WARN_NON_LITERAL_NULL_CONVERSION = YES;
				CLANG_WARN_OBJC_IMPLICIT_RETAIN_SELF = YES;
				CLANG_WARN_OBJC_LITERAL_CONVERSION = YES;
				CLANG_WARN_OBJC_ROOT_CLASS = YES_ERROR;
				CLANG_WARN_QUOTED_INCLUDE_IN_FRAMEWORK_HEADER = YES;
				CLANG_WARN_RANGE_LOOP_ANALYSIS = YES;
				CLANG_WARN_STRICT_PROTOTYPES = YES;
				CLANG_WARN_SUSPICIOUS_MOVE = YES;
				CLANG_WARN_UNGUARDED_AVAILABILITY = YES_AGGRESSIVE;
				CLANG_WARN_UNREACHABLE_CODE = YES;
				CLANG_WARN__DUPLICATE_METHOD_MATCH = YES;
				COPY_PHASE_STRIP = NO;
				DEBUG_INFORMATION_FORMAT = "dwarf-with-dsym";
				ENABLE_NS_ASSERTIONS = NO;
				ENABLE_STRICT_OBJC_MSGSEND = YES;
				ENABLE_USER_SCRIPT_SANDBOXING = YES;
				GCC_C_LANGUAGE_STANDARD = gnu17;
				GCC_NO_COMMON_BLOCKS = YES;
				GCC_WARN_64_TO_32_BIT_CONVERSION = YES;
				GCC_WARN_ABOUT_RETURN_TYPE = YES_ERROR;
				GCC_WARN_UNDECLARED_SELECTOR = YES;
				GCC_WARN_UNINITIALIZED_AUTOS = YES_AGGRESSIVE;
				GCC_WARN_UNUSED_FUNCTION = YES;
				GCC_WARN_UNUSED_VARIABLE = YES;
				LOCALIZATION_PREFERS_STRING_CATALOGS = YES;
				MTL_ENABLE_DEBUG_INFO = NO;
				MTL_FAST_MATH = YES;
				SWIFT_COMPILATION_MODE = wholemodule;
			};
			name = Release;
		};
		15AE55D82C549091007A6A40 /* Debug */ = {
			isa = XCBuildConfiguration;
			buildSettings = {
				ALWAYS_EMBED_SWIFT_STANDARD_LIBRARIES = YES;
				ASSETCATALOG_COMPILER_APPICON_NAME = AppIcon;
				ASSETCATALOG_COMPILER_GLOBAL_ACCENT_COLOR_NAME = AccentColor;
				CODE_SIGN_ENTITLEMENTS = ExtensionAppgroup/ExtensionAppgroup.entitlements;
				CODE_SIGN_IDENTITY = "Apple Development";
				CODE_SIGN_STYLE = Automatic;
				CURRENT_PROJECT_VERSION = 1;
				DEVELOPMENT_ASSET_PATHS = "\"ExtensionAppgroup/Preview Content\"";
				DEVELOPMENT_TEAM = 46CCB86PD7;
				ENABLE_HARDENED_RUNTIME = YES;
				ENABLE_PREVIEWS = YES;
				GENERATE_INFOPLIST_FILE = YES;
				INFOPLIST_KEY_NSSupportsLiveActivities = YES;
				"INFOPLIST_KEY_UIApplicationSceneManifest_Generation[sdk=iphoneos*]" = YES;
				"INFOPLIST_KEY_UIApplicationSceneManifest_Generation[sdk=iphonesimulator*]" = YES;
				"INFOPLIST_KEY_UIApplicationSupportsIndirectInputEvents[sdk=iphoneos*]" = YES;
				"INFOPLIST_KEY_UIApplicationSupportsIndirectInputEvents[sdk=iphonesimulator*]" = YES;
				"INFOPLIST_KEY_UILaunchScreen_Generation[sdk=iphoneos*]" = YES;
				"INFOPLIST_KEY_UILaunchScreen_Generation[sdk=iphonesimulator*]" = YES;
				"INFOPLIST_KEY_UIStatusBarStyle[sdk=iphoneos*]" = UIStatusBarStyleDefault;
				"INFOPLIST_KEY_UIStatusBarStyle[sdk=iphonesimulator*]" = UIStatusBarStyleDefault;
				INFOPLIST_KEY_UISupportedInterfaceOrientations_iPad = "UIInterfaceOrientationPortrait UIInterfaceOrientationPortraitUpsideDown UIInterfaceOrientationLandscapeLeft UIInterfaceOrientationLandscapeRight";
				INFOPLIST_KEY_UISupportedInterfaceOrientations_iPhone = "UIInterfaceOrientationPortrait UIInterfaceOrientationLandscapeLeft UIInterfaceOrientationLandscapeRight";
				IPHONEOS_DEPLOYMENT_TARGET = 17.2;
				LD_RUNPATH_SEARCH_PATHS = "@executable_path/Frameworks";
				"LD_RUNPATH_SEARCH_PATHS[sdk=macosx*]" = "@executable_path/../Frameworks";
				MACOSX_DEPLOYMENT_TARGET = 14.2;
				MARKETING_VERSION = 1.0;
				PRODUCT_BUNDLE_IDENTIFIER = dambert.ios.ExtensionAppgroup;
				PRODUCT_NAME = "$(TARGET_NAME)";
				PROVISIONING_PROFILE_SPECIFIER = "";
				SDKROOT = auto;
				SUPPORTED_PLATFORMS = "iphoneos iphonesimulator";
				SUPPORTS_MACCATALYST = NO;
				SWIFT_EMIT_LOC_STRINGS = YES;
				SWIFT_VERSION = 5.0;
				TARGETED_DEVICE_FAMILY = 1;
			};
			name = Debug;
		};
		15AE55D92C549091007A6A40 /* Release */ = {
			isa = XCBuildConfiguration;
			buildSettings = {
				ALWAYS_EMBED_SWIFT_STANDARD_LIBRARIES = YES;
				ASSETCATALOG_COMPILER_APPICON_NAME = AppIcon;
				ASSETCATALOG_COMPILER_GLOBAL_ACCENT_COLOR_NAME = AccentColor;
				CODE_SIGN_ENTITLEMENTS = ExtensionAppgroup/ExtensionAppgroup.entitlements;
				CODE_SIGN_IDENTITY = "Apple Development";
				CODE_SIGN_STYLE = Automatic;
				CURRENT_PROJECT_VERSION = 1;
				DEVELOPMENT_ASSET_PATHS = "\"ExtensionAppgroup/Preview Content\"";
				DEVELOPMENT_TEAM = 46CCB86PD7;
				ENABLE_HARDENED_RUNTIME = YES;
				ENABLE_PREVIEWS = YES;
				GENERATE_INFOPLIST_FILE = YES;
				INFOPLIST_KEY_NSSupportsLiveActivities = YES;
				"INFOPLIST_KEY_UIApplicationSceneManifest_Generation[sdk=iphoneos*]" = YES;
				"INFOPLIST_KEY_UIApplicationSceneManifest_Generation[sdk=iphonesimulator*]" = YES;
				"INFOPLIST_KEY_UIApplicationSupportsIndirectInputEvents[sdk=iphoneos*]" = YES;
				"INFOPLIST_KEY_UIApplicationSupportsIndirectInputEvents[sdk=iphonesimulator*]" = YES;
				"INFOPLIST_KEY_UILaunchScreen_Generation[sdk=iphoneos*]" = YES;
				"INFOPLIST_KEY_UILaunchScreen_Generation[sdk=iphonesimulator*]" = YES;
				"INFOPLIST_KEY_UIStatusBarStyle[sdk=iphoneos*]" = UIStatusBarStyleDefault;
				"INFOPLIST_KEY_UIStatusBarStyle[sdk=iphonesimulator*]" = UIStatusBarStyleDefault;
				INFOPLIST_KEY_UISupportedInterfaceOrientations_iPad = "UIInterfaceOrientationPortrait UIInterfaceOrientationPortraitUpsideDown UIInterfaceOrientationLandscapeLeft UIInterfaceOrientationLandscapeRight";
				INFOPLIST_KEY_UISupportedInterfaceOrientations_iPhone = "UIInterfaceOrientationPortrait UIInterfaceOrientationLandscapeLeft UIInterfaceOrientationLandscapeRight";
				IPHONEOS_DEPLOYMENT_TARGET = 17.2;
				LD_RUNPATH_SEARCH_PATHS = "@executable_path/Frameworks";
				"LD_RUNPATH_SEARCH_PATHS[sdk=macosx*]" = "@executable_path/../Frameworks";
				MACOSX_DEPLOYMENT_TARGET = 14.2;
				MARKETING_VERSION = 1.0;
				PRODUCT_BUNDLE_IDENTIFIER = dambert.ios.ExtensionAppgroup;
				PRODUCT_NAME = "$(TARGET_NAME)";
				PROVISIONING_PROFILE_SPECIFIER = "";
				SDKROOT = auto;
				SUPPORTED_PLATFORMS = "iphoneos iphonesimulator";
				SUPPORTS_MACCATALYST = NO;
				SWIFT_EMIT_LOC_STRINGS = YES;
				SWIFT_VERSION = 5.0;
				TARGETED_DEVICE_FAMILY = 1;
			};
			name = Release;
		};
		15AE55F42C54937B007A6A40 /* Debug */ = {
			isa = XCBuildConfiguration;
			buildSettings = {
				ASSETCATALOG_COMPILER_GLOBAL_ACCENT_COLOR_NAME = AccentColor;
				ASSETCATALOG_COMPILER_WIDGET_BACKGROUND_COLOR_NAME = WidgetBackground;
				CODE_SIGN_STYLE = Automatic;
				CURRENT_PROJECT_VERSION = 1;
				DEVELOPMENT_TEAM = 46CCB86PD7;
				GENERATE_INFOPLIST_FILE = YES;
				INFOPLIST_FILE = WidgetExtension/Info.plist;
				INFOPLIST_KEY_CFBundleDisplayName = WidgetExtension;
				INFOPLIST_KEY_NSHumanReadableCopyright = "";
				INFOPLIST_KEY_NSSupportsLiveActivities = YES;
				IPHONEOS_DEPLOYMENT_TARGET = 17.2;
				LD_RUNPATH_SEARCH_PATHS = (
					"$(inherited)",
					"@executable_path/Frameworks",
					"@executable_path/../../Frameworks",
				);
				MARKETING_VERSION = 1.0;
				PRODUCT_BUNDLE_IDENTIFIER = dambert.ios.ExtensionAppgroup.WidgetExtension;
				PRODUCT_NAME = "$(TARGET_NAME)";
				SDKROOT = iphoneos;
				SKIP_INSTALL = YES;
				SWIFT_EMIT_LOC_STRINGS = YES;
				SWIFT_VERSION = 5.0;
				TARGETED_DEVICE_FAMILY = "1,2";
			};
			name = Debug;
		};
		15AE55F52C54937B007A6A40 /* Release */ = {
			isa = XCBuildConfiguration;
			buildSettings = {
				ASSETCATALOG_COMPILER_GLOBAL_ACCENT_COLOR_NAME = AccentColor;
				ASSETCATALOG_COMPILER_WIDGET_BACKGROUND_COLOR_NAME = WidgetBackground;
				CODE_SIGN_STYLE = Automatic;
				CURRENT_PROJECT_VERSION = 1;
				DEVELOPMENT_TEAM = 46CCB86PD7;
				GENERATE_INFOPLIST_FILE = YES;
				INFOPLIST_FILE = WidgetExtension/Info.plist;
				INFOPLIST_KEY_CFBundleDisplayName = WidgetExtension;
				INFOPLIST_KEY_NSHumanReadableCopyright = "";
				INFOPLIST_KEY_NSSupportsLiveActivities = YES;
				IPHONEOS_DEPLOYMENT_TARGET = 17.2;
				LD_RUNPATH_SEARCH_PATHS = (
					"$(inherited)",
					"@executable_path/Frameworks",
					"@executable_path/../../Frameworks",
				);
				MARKETING_VERSION = 1.0;
				PRODUCT_BUNDLE_IDENTIFIER = dambert.ios.ExtensionAppgroup.WidgetExtension;
				PRODUCT_NAME = "$(TARGET_NAME)";
				SDKROOT = iphoneos;
				SKIP_INSTALL = YES;
				SWIFT_EMIT_LOC_STRINGS = YES;
				SWIFT_VERSION = 5.0;
				TARGETED_DEVICE_FAMILY = "1,2";
				VALIDATE_PRODUCT = YES;
			};
			name = Release;
		};
/* End XCBuildConfiguration section */

/* Begin XCConfigurationList section */
		15AE55C32C54908F007A6A40 /* Build configuration list for PBXProject "ExtensionAppgroup" */ = {
			isa = XCConfigurationList;
			buildConfigurations = (
				15AE55D52C549091007A6A40 /* Debug */,
				15AE55D62C549091007A6A40 /* Release */,
			);
			defaultConfigurationIsVisible = 0;
			defaultConfigurationName = Release;
		};
		15AE55D72C549091007A6A40 /* Build configuration list for PBXNativeTarget "ExtensionAppgroup" */ = {
			isa = XCConfigurationList;
			buildConfigurations = (
				15AE55D82C549091007A6A40 /* Debug */,
				15AE55D92C549091007A6A40 /* Release */,
			);
			defaultConfigurationIsVisible = 0;
			defaultConfigurationName = Release;
		};
		15AE55F32C54937B007A6A40 /* Build configuration list for PBXNativeTarget "WidgetExtensionExtension" */ = {
			isa = XCConfigurationList;
			buildConfigurations = (
				15AE55F42C54937B007A6A40 /* Debug */,
				15AE55F52C54937B007A6A40 /* Release */,
			);
			defaultConfigurationIsVisible = 0;
			defaultConfigurationName = Release;
		};
/* End XCConfigurationList section */
	};
	rootObject = 15AE55C02C54908F007A6A40 /* Project object */;
}
